PODS:
  - Flutter (1.0.0)
  - flutter_gl (0.0.3):
    - Flutter
    - three3d_egl (~> 0.1.3)
  - three3d_egl (0.1.3)
  - url_launcher_ios (0.0.1):
    - Flutter
  - webview_flutter_wkwebview (0.0.1):
    - Flutter
    - FlutterMacOS

DEPENDENCIES:
  - Flutter (from `Flutter`)
  - flutter_gl (from `.symlinks/plugins/flutter_gl/ios`)
  - url_launcher_ios (from `.symlinks/plugins/url_launcher_ios/ios`)
  - webview_flutter_wkwebview (from `.symlinks/plugins/webview_flutter_wkwebview/darwin`)

SPEC REPOS:
  trunk:
    - three3d_egl

EXTERNAL SOURCES:
  Flutter:
    :path: Flutter
  flutter_gl:
    :path: ".symlinks/plugins/flutter_gl/ios"
  url_launcher_ios:
    :path: ".symlinks/plugins/url_launcher_ios/ios"
  webview_flutter_wkwebview:
    :path: ".symlinks/plugins/webview_flutter_wkwebview/darwin"

SPEC CHECKSUMS:
  Flutter: e0871f40cf51350855a761d2e70bf5af5b9b5de7
  flutter_gl: 2b3f2ac6912db5bb833f66ad4ff4daf9aa6ba341
  three3d_egl: de2cd4950ad2d5f2122166c36583bde4c812e7b5
  url_launcher_ios: 694010445543906933d732453a59da0a173ae33d
  webview_flutter_wkwebview: 1821ceac936eba6f7984d89a9f3bcb4dea99ebb2

PODFILE CHECKSUM: fa1c758b2b6838d3b196938c25c2f243c02da750

COCOAPODS: 1.16.2
